{
  "name": "btc-price-lib",
  "version": "0.0.0",
  "lockfileVersion": 3,
  "requires": true,
  "packages": {
    "": {
      "name": "btc-price-lib",
      "version": "0.0.0",
      "license": "MIT",
      "dependencies": {
        "@rescript/core": "1.6.1",
        "bs-fetch": "0.6.2",
        "lru-cache": "11.0.2",
        "promise-retry": "2.0.1",
        "rescript": "11.1.4",
        "rescript-webapi": "^0.10.0"
      }
    },
    "node_modules/@rescript/core": {
      "version": "1.6.1",
      "resolved": "https://registry.npmjs.org/@rescript/core/-/core-1.6.1.tgz",
      "integrity": "sha512-vyb5k90ck+65Fgui+5vCja/mUfzKaK3kOPT4Z6aAJdHLH1eljEi1zKhXroCiCtpNLSWp8k4ulh1bdB5WS0hvqA==",
      "license": "MIT",
      "peerDependencies": {
        "rescript": ">=11.1.0"
      }
    },
    "node_modules/bs-fetch": {
      "version": "0.6.2",
      "resolved": "https://registry.npmjs.org/bs-fetch/-/bs-fetch-0.6.2.tgz",
      "integrity": "sha512-VXEjp8kY3vHPckaoy3d96Bx0KYjJAPLNISBwfpwMN26K6DtuZYwI2HKhx7zeHBajz1bRArfx7O8OOLcdtujMvg==",
      "license": "MIT"
    },
    "node_modules/err-code": {
      "version": "2.0.3",
      "resolved": "https://registry.npmjs.org/err-code/-/err-code-2.0.3.tgz",
      "integrity": "sha512-2bmlRpNKBxT/CRmPOlyISQpNj+qSeYvcym/uT0Jx2bMOlKLtSy1ZmLuVxSEKKyor/N5yhvp/ZiG1oE3DEYMSFA==",
      "license": "MIT"
    },
    "node_modules/lru-cache": {
      "version": "11.0.2",
      "resolved": "https://registry.npmjs.org/lru-cache/-/lru-cache-11.0.2.tgz",
      "integrity": "sha512-123qHRfJBmo2jXDbo/a5YOQrJoHF/GNQTLzQ5+IdK5pWpceK17yRc6ozlWd25FxvGKQbIUs91fDFkXmDHTKcyA==",
      "license": "ISC",
      "engines": {
        "node": "20 || >=22"
      }
    },
    "node_modules/promise-retry": {
      "version": "2.0.1",
      "resolved": "https://registry.npmjs.org/promise-retry/-/promise-retry-2.0.1.tgz",
      "integrity": "sha512-y+WKFlBR8BGXnsNlIHFGPZmyDf3DFMoLhaflAnyZgV6rG6xu+JwesTo2Q9R6XwYmtmwAFCkAk3e35jEdoeh/3g==",
      "license": "MIT",
      "dependencies": {
        "err-code": "^2.0.2",
        "retry": "^0.12.0"
      },
      "engines": {
        "node": ">=10"
      }
    },
    "node_modules/rescript": {
      "version": "11.1.4",
      "resolved": "https://registry.npmjs.org/rescript/-/rescript-11.1.4.tgz",
      "integrity": "sha512-0bGU0bocihjSC6MsE3TMjHjY0EUpchyrREquLS8VsZ3ohSMD+VHUEwimEfB3kpBI1vYkw3UFZ3WD8R28guz/Vw==",
      "hasInstallScript": true,
      "license": "SEE LICENSE IN LICENSE",
      "bin": {
        "bsc": "bsc",
        "bstracing": "lib/bstracing",
        "rescript": "rescript"
      },
      "engines": {
        "node": ">=10"
      }
    },
    "node_modules/rescript-webapi": {
      "version": "0.10.0",
      "resolved": "https://registry.npmjs.org/rescript-webapi/-/rescript-webapi-0.10.0.tgz",
      "integrity": "sha512-QgwMMQO7INz0SK8TX91ibGDrOCRAteOuOxhQi3CIR8FMx0wykbp2rRU/TF4GyfKagk2Nby8snPhQnstSxnmm/g==",
      "license": "MIT"
    },
    "node_modules/retry": {
      "version": "0.12.0",
      "resolved": "https://registry.npmjs.org/retry/-/retry-0.12.0.tgz",
      "integrity": "sha512-9LkiTwjUh6rT555DtE9rTX+BKByPfrMzEAtnlEtdEwr3Nkffwiihqe2bWADg+OQRjt9gl6ICdmB/ZFDCGAtSow==",
      "license": "MIT",
      "engines": {
        "node": ">= 4"
      }
    }
  }
}
